<Solution>
  <Folder Name="/Solution Items/">
    <File Path=".gitignore" />
  </Folder>
  <Project Path="lab1/lab1.csproj" Id="4e26ad8f-0f66-4d06-8cdf-6b414a0e17ac" />
  <Project Path="lab1_windowsform/lab1_windowsform.csproj" Id="171c0e8a-fee5-4ac5-a931-a0e64457c991" />
  <Project Path="lab2/lab2.csproj" Id="3cb582a4-42ee-408b-9ced-568b9f0162b0" />
  <Project Path="lab3/lab3.csproj" Id="f2815bbe-2e7f-46a4-9739-450aa1978c8d" />
  <Project Path="lab4/lab4.csproj" Id="15492ae5-306f-4398-8a80-68050bb98d43" />
  <Project Path="lab5/lab5.csproj" Id="037f6339-d1b4-49d8-84aa-c19b861ec217" />
</Solution>
